github.com/Hatch1fy/actions v0.0.0-20190509210301-39d18d61340a h1:jtAsqx1Wx7PngArCLgHEbRh1xyiNYx1MDlAqCsI7QjA=
github.com/Hatch1fy/actions v0.0.0-20190509210301-39d18d61340a/go.mod h1:5CLwImuLgP6Qs/kQAlPcbfJuKkyuRtcc8iylDs/l/dc=
github.com/Hatch1fy/cron v0.0.0-20181011175651-1a19f6ee1f7c h1:eVU/3USbQIHqxUYcF6rqaABEwKWBr1pVk4pEk6riBn8=
github.com/Hatch1fy/cron v0.0.0-20181011175651-1a19f6ee1f7c/go.mod h1:PiW4gMHbJSJv2+jhZSMIL1kJQTWAFuPMu3CWfQbWmho=
github.com/Hatch1fy/errors v0.0.0-20190124213112-81fd84668c75 h1:mdor7h+/JzGqDJXZESUD4B4FxwN85whEUrN7QA4Czk8=
github.com/Hatch1fy/errors v0.0.0-20190124213112-81fd84668c75/go.mod h1:9/KQCSUklomtEqY0m9m/Ca10Y/rtOpu1x1/FVE6r8/8=
github.com/Hatch1fy/httpserve v0.0.0-20190613164313-099d942969a2 h1:S/LzNlSyoEuGuF2VkVgTJqh1Ke6ziVMmEwMkTZeVaoI=
github.com/Hatch1fy/httpserve v0.0.0-20190613164313-099d942969a2/go.mod h1:UD8KWs8jw185Et9Q2yXYbev5JG8/3s6wpC/mVihMlhU=
github.com/Hatch1fy/logger v0.0.0-20190325014954-d19c6131e19c h1:Q1tp1cFNJNmnla/VXFWObcesGmDJRXEWzIcK5nNCdA8=
github.com/Hatch1fy/logger v0.0.0-20190325014954-d19c6131e19c/go.mod h1:WR9unKTBHWeoWy9T+PTe9VruDMCpj2B/Lfu2yVzREqc=
github.com/Hatch1fy/service-core v0.0.0-20190729223524-7d9870c60499 h1:6PLUH+TdnShIoLgfA5hmgCMr4WnCDH555MXnOpgTuEc=
github.com/Hatch1fy/service-core v0.0.0-20190729223524-7d9870c60499/go.mod h1:sK/zsZPqnWw9JtUTOY8Hzo3qV9Tbkb/HnZOB/Nd9mrw=
github.com/Hatch1fy/snapshotter v0.0.0-20181031223636-839613e536da h1:2KnNcwk1Fo2S3ROudV/HyPcTBuOKoibnM+xMVpMxSLc=
github.com/Hatch1fy/snapshotter v0.0.0-20181031223636-839613e536da/go.mod h1:7/7MUBPr0RAqMwVJ2G3yXRjE30MEVslH60TyBoC/tts=
github.com/PathDNA/atoms v0.0.0-20171213201720-7540df7fe84d h1:w43HzuI483b5oZ4n+68NCy6ub1hX3ugz9yCWNqVQgIE=
github.com/PathDNA/atoms v0.0.0-20171213201720-7540df7fe84d/go.mod h1:IixvMnuDFymJzA4onVTRgK/Y4PzijliB1VmjbUtyA5I=
github.com/boltdb/bolt v1.3.1 h1:JQmyP4ZBrce+ZQu0dY660FMfatumYDLun9hBCUVIkF4=
github.com/boltdb/bolt v1.3.1/go.mod h1:clJnj/oiGkjum5o1McbSZDSLxVThjynRyGBgiAx27Ps=
github.com/bradfitz/http2 v0.0.0-20160116213329-aa7658c0e990 h1:sdI+gcZTNTLDFsME4XQIxGj1jVH73kTBjWMVDIWI7fE=
github.com/bradfitz/http2 v0.0.0-20160116213329-aa7658c0e990/go.mod h1:LnxXJOZZztMjXWVnF9iY8AOi0kGHs/uH7B+llP/6RMw=
github.com/fatih/color v1.7.0 h1:DkWD4oS2D8LGGgTQ6IvwJJXSL5Vp2ffcQg58nFV38Ys=
github.com/fatih/color v1.7.0/go.mod h1:Zm6kSWBoL9eyXnKyktHP6abPY2pDugNf5KwzbycvMj4=
github.com/hatchify/output v0.0.0-20190621205759-4b3595c7a168 h1:+NrBPC+lPB/qkwhU1F2gnp5knPG1uwZrBn/E2lm3hHc=
github.com/hatchify/output v0.0.0-20190621205759-4b3595c7a168/go.mod h1:lKGHdKsVmZesHJt2SJPHWo/o/+pDkeVHf+2HF47pC2w=
github.com/itsmontoya/mum v0.0.0-20190925033108-e355f845a893 h1:XVaMUD933w3NHglMtc5ICfF/bXYpVA8BY1N1wcLU3jA=
github.com/itsmontoya/mum v0.0.0-20190925033108-e355f845a893/go.mod h1:enflzdAhu+xeK0aPbDq/fviNjJ28f3uNra5QNicPX5w=
github.com/mattn/go-colorable v0.1.2 h1:/bC9yWikZXAL9uJdulbSfyVNIR3n3trXl+v8+1sx8mU=
github.com/mattn/go-colorable v0.1.2/go.mod h1:U0ppj6V5qS13XJ6of8GYAs25YV2eR4EVcfRqFIhoBtE=
github.com/mattn/go-isatty v0.0.8/go.mod h1:Iq45c/XA43vh69/j3iqttzPXn0bhXyGjM0Hdxcsrc5s=
github.com/mattn/go-isatty v0.0.9 h1:d5US/mDsogSGW37IV293h//ZFaeajb69h+EHFsv2xGg=
github.com/mattn/go-isatty v0.0.9/go.mod h1:YNRxwqDuOph6SZLI9vUUz6OYw3QyUt7WiY2yME+cCiQ=
github.com/missionMeteora/journaler v0.0.0-20170330173229-ac561671e66f h1:Dr3tl9cnxtBir8NTL8D2SE3+uU9ikELfA06QuROXh70=
github.com/missionMeteora/journaler v0.0.0-20170330173229-ac561671e66f/go.mod h1:0vElUr8ZeUZrVbOxFNNoWSeU6oFfKsmMo3t+St8HAC0=
github.com/missionMeteora/toolkit v0.0.0-20170713173850-88364e3ef8cc h1:/oFlKiuu6L1sIvZ7A363qMhNM+DUQL5WsVe1xIRQnFU=
github.com/missionMeteora/toolkit v0.0.0-20170713173850-88364e3ef8cc/go.mod h1:AtX+JBtXbQ+taj82QFzCSgN5EzM4Bi0YRyS+TVbjENs=
github.com/vroomy/plugins v0.0.0-20190729183613-13cb26140a67 h1:TBQsGnD9iWe53pzzfZAvduVD1EAYVxRH1qMMB8Ks0jQ=
github.com/vroomy/plugins v0.0.0-20190729183613-13cb26140a67/go.mod h1:9ikoTx5UnnLfujROausyKqUyUWCq1+vMeXTCwoGsTlM=
gitlab.com/itsMontoya/dbutils v0.0.0-20190509221504-b38ba3280525 h1:HD0TLv1iqWBCGIAxkt48KFMSgaSJSfmTldoAJmG+XE8=
gitlab.com/itsMontoya/dbutils v0.0.0-20190509221504-b38ba3280525/go.mod h1:Jv7AhDz+xvEs+KhtZz3GES8SPnQXy3bnezmSucxEuHw=
golang.org/x/sys v0.0.0-20190222072716-a9d3bda3a223/go.mod h1:STP8DvDyc/dI5b8T5hshtkjS+E42TnysNCUPdjciGhY=
golang.org/x/sys v0.0.0-20190813064441-fde4db37ae7a/go.mod h1:h1NjWce9XRLGQEsW7wpKNCjG9DtNlClVuFLEZdDNbEs=
golang.org/x/sys v0.0.0-20190924154521-2837fb4f24fe h1:6fAMxZRR6sl1Uq8U61gxU+kPTs2tR8uOySCbBP7BN/M=
golang.org/x/sys v0.0.0-20190924154521-2837fb4f24fe/go.mod h1:h1NjWce9XRLGQEsW7wpKNCjG9DtNlClVuFLEZdDNbEs=
